{
    "_meta": {
        "hash": {
            "sha256": "4eeb1260bcd7255868ac884e47c57aabb1873d451d6a1c30ddf782037f4601b7"
        },
        "pipfile-spec": 6,
        "requires": {
            "python_version": "3.6"
        },
        "sources": [
            {
                "name": "pypi",
                "url": "https://pypi.python.org/simple",
                "verify_ssl": true
            }
        ]
    },
    "default": {
        "aiomysql": {
            "hashes": [
                "sha256:fdc9a076f39a6bb1818452bd24452bf189cb240371bd62d6a06abb61cd6bfa14"
            ],
            "version": "==0.0.12"
        },
        "asyncio-contextmanager": {
            "hashes": [
                "sha256:93b4620cd79623c3988c9f43e6f502263968645cd13aed3327a7ec8be43221d5"
            ],
            "version": "==1.0.1"
        },
        "b734c24": {
            "editable": true,
            "path": "/Users/jj/code/private/aiorm"
        },
        "pymysql": {
            "hashes": [
                "sha256:04fa19fad017fdb21394fad2878c1d6bd346959d4fbfd1b66050a09fc636a321",
                "sha256:32da4a66397077d42908e449688f2ec71c2b18892a6cd04f03ab2aa828a70f40"
            ],
            "version": "==0.8.0"
        }
    },
    "develop": {}
}
